
Microsoft Visual Studio Solution File, Format Version 12.00
# Visual Studio 14
VisualStudioVersion = 14.0.25420.1
MinimumVisualStudioVersion = 10.0.40219.1
Project("{8BC9CEB8-8B4A-11D0-8D11-00A0C91BC942}") = "Vector", "Vector\Vector.vcxproj", "{936A9BAE-AE7A-4936-930D-D3DFC7A68DA0}"
EndProject
Project("{8BC9CEB8-8B4A-11D0-8D11-00A0C91BC942}") = "Fib", "Fib\Fib.vcxproj", "{B4A4992E-46CE-4CE9-8536-78D85C618975}"
EndProject
Project("{8BC9CEB8-8B4A-11D0-8D11-00A0C91BC942}") = "List", "List\List.vcxproj", "{81A925C6-7C1B-46AB-AE57-0E3BAC3CB04C}"
EndProject
Project("{8BC9CEB8-8B4A-11D0-8D11-00A0C91BC942}") = "Stack", "Stack\Stack.vcxproj", "{35F88594-D70A-4B8C-B3F0-CB6FCEDD8A35}"
EndProject
Project("{8BC9CEB8-8B4A-11D0-8D11-00A0C91BC942}") = "xuetang_oj", "xuetang_oj\xuetang_oj.vcxproj", "{9C738CB8-F546-4E20-A920-7E621146E607}"
EndProject
Project("{8BC9CEB8-8B4A-11D0-8D11-00A0C91BC942}") = "discreteMath", "discreteMath\discreteMath.vcxproj", "{318AD559-597F-4A39-BC5E-CEFDC996F49B}"
EndProject
Project("{8BC9CEB8-8B4A-11D0-8D11-00A0C91BC942}") = "bintree", "bintree\bintree.vcxproj", "{34BC256A-F8EE-4CE5-AFEB-1DA89BE669B1}"
EndProject
Project("{8BC9CEB8-8B4A-11D0-8D11-00A0C91BC942}") = "btree", "btree\btree.vcxproj", "{3A4ECD99-D935-4C03-9D69-5E7D6E590DC2}"
EndProject
Project("{8BC9CEB8-8B4A-11D0-8D11-00A0C91BC942}") = "string_kmp", "string_kmp\string_kmp.vcxproj", "{1DC026D2-A8AA-4FBA-8DB5-EDB905E2FBE8}"
EndProject
Project("{8BC9CEB8-8B4A-11D0-8D11-00A0C91BC942}") = "Huffman", "Huffman\Huffman.vcxproj", "{285B448E-23EE-4CFD-A128-D6ABFD61F594}"
EndProject
Project("{8BC9CEB8-8B4A-11D0-8D11-00A0C91BC942}") = "PriorityQueue", "PriorityQueue\PriorityQueue.vcxproj", "{4F7FA235-81CC-4A85-9CB9-55A3AC1A2DD2}"
EndProject
Project("{8BC9CEB8-8B4A-11D0-8D11-00A0C91BC942}") = "8puzzle", "8puzzle\8puzzle.vcxproj", "{53B8A82F-5426-428D-BD39-A0B6E74296A6}"
EndProject
Project("{8BC9CEB8-8B4A-11D0-8D11-00A0C91BC942}") = "BitMap", "BitMap\BitMap.vcxproj", "{20255DD6-9CB5-4C7E-8451-7877ED7CD5F1}"
EndProject
Project("{8BC9CEB8-8B4A-11D0-8D11-00A0C91BC942}") = "BStree", "BStree\BStree.vcxproj", "{E1D1FECB-9826-41FD-85C8-4222298238BA}"
EndProject
Project("{8BC9CEB8-8B4A-11D0-8D11-00A0C91BC942}") = "AVL", "AVL\AVL.vcxproj", "{553CD3FE-A09A-4A91-83E3-77AA16F113DB}"
EndProject
Global
	GlobalSection(SolutionConfigurationPlatforms) = preSolution
		Debug|x64 = Debug|x64
		Debug|x86 = Debug|x86
		Release|x64 = Release|x64
		Release|x86 = Release|x86
	EndGlobalSection
	GlobalSection(ProjectConfigurationPlatforms) = postSolution
		{936A9BAE-AE7A-4936-930D-D3DFC7A68DA0}.Debug|x64.ActiveCfg = Debug|x64
		{936A9BAE-AE7A-4936-930D-D3DFC7A68DA0}.Debug|x64.Build.0 = Debug|x64
		{936A9BAE-AE7A-4936-930D-D3DFC7A68DA0}.Debug|x86.ActiveCfg = Debug|Win32
		{936A9BAE-AE7A-4936-930D-D3DFC7A68DA0}.Debug|x86.Build.0 = Debug|Win32
		{936A9BAE-AE7A-4936-930D-D3DFC7A68DA0}.Release|x64.ActiveCfg = Release|x64
		{936A9BAE-AE7A-4936-930D-D3DFC7A68DA0}.Release|x64.Build.0 = Release|x64
		{936A9BAE-AE7A-4936-930D-D3DFC7A68DA0}.Release|x86.ActiveCfg = Release|Win32
		{936A9BAE-AE7A-4936-930D-D3DFC7A68DA0}.Release|x86.Build.0 = Release|Win32
		{B4A4992E-46CE-4CE9-8536-78D85C618975}.Debug|x64.ActiveCfg = Debug|x64
		{B4A4992E-46CE-4CE9-8536-78D85C618975}.Debug|x64.Build.0 = Debug|x64
		{B4A4992E-46CE-4CE9-8536-78D85C618975}.Debug|x86.ActiveCfg = Debug|Win32
		{B4A4992E-46CE-4CE9-8536-78D85C618975}.Debug|x86.Build.0 = Debug|Win32
		{B4A4992E-46CE-4CE9-8536-78D85C618975}.Release|x64.ActiveCfg = Release|x64
		{B4A4992E-46CE-4CE9-8536-78D85C618975}.Release|x64.Build.0 = Release|x64
		{B4A4992E-46CE-4CE9-8536-78D85C618975}.Release|x86.ActiveCfg = Release|Win32
		{B4A4992E-46CE-4CE9-8536-78D85C618975}.Release|x86.Build.0 = Release|Win32
		{81A925C6-7C1B-46AB-AE57-0E3BAC3CB04C}.Debug|x64.ActiveCfg = Debug|x64
		{81A925C6-7C1B-46AB-AE57-0E3BAC3CB04C}.Debug|x64.Build.0 = Debug|x64
		{81A925C6-7C1B-46AB-AE57-0E3BAC3CB04C}.Debug|x86.ActiveCfg = Debug|Win32
		{81A925C6-7C1B-46AB-AE57-0E3BAC3CB04C}.Debug|x86.Build.0 = Debug|Win32
		{81A925C6-7C1B-46AB-AE57-0E3BAC3CB04C}.Release|x64.ActiveCfg = Release|x64
		{81A925C6-7C1B-46AB-AE57-0E3BAC3CB04C}.Release|x64.Build.0 = Release|x64
		{81A925C6-7C1B-46AB-AE57-0E3BAC3CB04C}.Release|x86.ActiveCfg = Release|Win32
		{81A925C6-7C1B-46AB-AE57-0E3BAC3CB04C}.Release|x86.Build.0 = Release|Win32
		{35F88594-D70A-4B8C-B3F0-CB6FCEDD8A35}.Debug|x64.ActiveCfg = Debug|x64
		{35F88594-D70A-4B8C-B3F0-CB6FCEDD8A35}.Debug|x64.Build.0 = Debug|x64
		{35F88594-D70A-4B8C-B3F0-CB6FCEDD8A35}.Debug|x86.ActiveCfg = Debug|Win32
		{35F88594-D70A-4B8C-B3F0-CB6FCEDD8A35}.Debug|x86.Build.0 = Debug|Win32
		{35F88594-D70A-4B8C-B3F0-CB6FCEDD8A35}.Release|x64.ActiveCfg = Release|x64
		{35F88594-D70A-4B8C-B3F0-CB6FCEDD8A35}.Release|x64.Build.0 = Release|x64
		{35F88594-D70A-4B8C-B3F0-CB6FCEDD8A35}.Release|x86.ActiveCfg = Release|Win32
		{35F88594-D70A-4B8C-B3F0-CB6FCEDD8A35}.Release|x86.Build.0 = Release|Win32
		{9C738CB8-F546-4E20-A920-7E621146E607}.Debug|x64.ActiveCfg = Debug|x64
		{9C738CB8-F546-4E20-A920-7E621146E607}.Debug|x64.Build.0 = Debug|x64
		{9C738CB8-F546-4E20-A920-7E621146E607}.Debug|x86.ActiveCfg = Debug|Win32
		{9C738CB8-F546-4E20-A920-7E621146E607}.Debug|x86.Build.0 = Debug|Win32
		{9C738CB8-F546-4E20-A920-7E621146E607}.Release|x64.ActiveCfg = Release|x64
		{9C738CB8-F546-4E20-A920-7E621146E607}.Release|x64.Build.0 = Release|x64
		{9C738CB8-F546-4E20-A920-7E621146E607}.Release|x86.ActiveCfg = Release|Win32
		{9C738CB8-F546-4E20-A920-7E621146E607}.Release|x86.Build.0 = Release|Win32
		{318AD559-597F-4A39-BC5E-CEFDC996F49B}.Debug|x64.ActiveCfg = Debug|x64
		{318AD559-597F-4A39-BC5E-CEFDC996F49B}.Debug|x64.Build.0 = Debug|x64
		{318AD559-597F-4A39-BC5E-CEFDC996F49B}.Debug|x86.ActiveCfg = Debug|Win32
		{318AD559-597F-4A39-BC5E-CEFDC996F49B}.Debug|x86.Build.0 = Debug|Win32
		{318AD559-597F-4A39-BC5E-CEFDC996F49B}.Release|x64.ActiveCfg = Release|x64
		{318AD559-597F-4A39-BC5E-CEFDC996F49B}.Release|x64.Build.0 = Release|x64
		{318AD559-597F-4A39-BC5E-CEFDC996F49B}.Release|x86.ActiveCfg = Release|Win32
		{318AD559-597F-4A39-BC5E-CEFDC996F49B}.Release|x86.Build.0 = Release|Win32
		{34BC256A-F8EE-4CE5-AFEB-1DA89BE669B1}.Debug|x64.ActiveCfg = Debug|x64
		{34BC256A-F8EE-4CE5-AFEB-1DA89BE669B1}.Debug|x64.Build.0 = Debug|x64
		{34BC256A-F8EE-4CE5-AFEB-1DA89BE669B1}.Debug|x86.ActiveCfg = Debug|Win32
		{34BC256A-F8EE-4CE5-AFEB-1DA89BE669B1}.Debug|x86.Build.0 = Debug|Win32
		{34BC256A-F8EE-4CE5-AFEB-1DA89BE669B1}.Release|x64.ActiveCfg = Release|x64
		{34BC256A-F8EE-4CE5-AFEB-1DA89BE669B1}.Release|x64.Build.0 = Release|x64
		{34BC256A-F8EE-4CE5-AFEB-1DA89BE669B1}.Release|x86.ActiveCfg = Release|Win32
		{34BC256A-F8EE-4CE5-AFEB-1DA89BE669B1}.Release|x86.Build.0 = Release|Win32
		{3A4ECD99-D935-4C03-9D69-5E7D6E590DC2}.Debug|x64.ActiveCfg = Debug|x64
		{3A4ECD99-D935-4C03-9D69-5E7D6E590DC2}.Debug|x64.Build.0 = Debug|x64
		{3A4ECD99-D935-4C03-9D69-5E7D6E590DC2}.Debug|x86.ActiveCfg = Debug|Win32
		{3A4ECD99-D935-4C03-9D69-5E7D6E590DC2}.Debug|x86.Build.0 = Debug|Win32
		{3A4ECD99-D935-4C03-9D69-5E7D6E590DC2}.Release|x64.ActiveCfg = Release|x64
		{3A4ECD99-D935-4C03-9D69-5E7D6E590DC2}.Release|x64.Build.0 = Release|x64
		{3A4ECD99-D935-4C03-9D69-5E7D6E590DC2}.Release|x86.ActiveCfg = Release|Win32
		{3A4ECD99-D935-4C03-9D69-5E7D6E590DC2}.Release|x86.Build.0 = Release|Win32
		{1DC026D2-A8AA-4FBA-8DB5-EDB905E2FBE8}.Debug|x64.ActiveCfg = Debug|x64
		{1DC026D2-A8AA-4FBA-8DB5-EDB905E2FBE8}.Debug|x64.Build.0 = Debug|x64
		{1DC026D2-A8AA-4FBA-8DB5-EDB905E2FBE8}.Debug|x86.ActiveCfg = Debug|Win32
		{1DC026D2-A8AA-4FBA-8DB5-EDB905E2FBE8}.Debug|x86.Build.0 = Debug|Win32
		{1DC026D2-A8AA-4FBA-8DB5-EDB905E2FBE8}.Release|x64.ActiveCfg = Release|x64
		{1DC026D2-A8AA-4FBA-8DB5-EDB905E2FBE8}.Release|x64.Build.0 = Release|x64
		{1DC026D2-A8AA-4FBA-8DB5-EDB905E2FBE8}.Release|x86.ActiveCfg = Release|Win32
		{1DC026D2-A8AA-4FBA-8DB5-EDB905E2FBE8}.Release|x86.Build.0 = Release|Win32
		{285B448E-23EE-4CFD-A128-D6ABFD61F594}.Debug|x64.ActiveCfg = Debug|x64
		{285B448E-23EE-4CFD-A128-D6ABFD61F594}.Debug|x64.Build.0 = Debug|x64
		{285B448E-23EE-4CFD-A128-D6ABFD61F594}.Debug|x86.ActiveCfg = Debug|Win32
		{285B448E-23EE-4CFD-A128-D6ABFD61F594}.Debug|x86.Build.0 = Debug|Win32
		{285B448E-23EE-4CFD-A128-D6ABFD61F594}.Release|x64.ActiveCfg = Release|x64
		{285B448E-23EE-4CFD-A128-D6ABFD61F594}.Release|x64.Build.0 = Release|x64
		{285B448E-23EE-4CFD-A128-D6ABFD61F594}.Release|x86.ActiveCfg = Release|Win32
		{285B448E-23EE-4CFD-A128-D6ABFD61F594}.Release|x86.Build.0 = Release|Win32
		{4F7FA235-81CC-4A85-9CB9-55A3AC1A2DD2}.Debug|x64.ActiveCfg = Debug|x64
		{4F7FA235-81CC-4A85-9CB9-55A3AC1A2DD2}.Debug|x64.Build.0 = Debug|x64
		{4F7FA235-81CC-4A85-9CB9-55A3AC1A2DD2}.Debug|x86.ActiveCfg = Debug|Win32
		{4F7FA235-81CC-4A85-9CB9-55A3AC1A2DD2}.Debug|x86.Build.0 = Debug|Win32
		{4F7FA235-81CC-4A85-9CB9-55A3AC1A2DD2}.Release|x64.ActiveCfg = Release|x64
		{4F7FA235-81CC-4A85-9CB9-55A3AC1A2DD2}.Release|x64.Build.0 = Release|x64
		{4F7FA235-81CC-4A85-9CB9-55A3AC1A2DD2}.Release|x86.ActiveCfg = Release|Win32
		{4F7FA235-81CC-4A85-9CB9-55A3AC1A2DD2}.Release|x86.Build.0 = Release|Win32
		{53B8A82F-5426-428D-BD39-A0B6E74296A6}.Debug|x64.ActiveCfg = Debug|x64
		{53B8A82F-5426-428D-BD39-A0B6E74296A6}.Debug|x64.Build.0 = Debug|x64
		{53B8A82F-5426-428D-BD39-A0B6E74296A6}.Debug|x86.ActiveCfg = Debug|Win32
		{53B8A82F-5426-428D-BD39-A0B6E74296A6}.Debug|x86.Build.0 = Debug|Win32
		{53B8A82F-5426-428D-BD39-A0B6E74296A6}.Release|x64.ActiveCfg = Release|x64
		{53B8A82F-5426-428D-BD39-A0B6E74296A6}.Release|x64.Build.0 = Release|x64
		{53B8A82F-5426-428D-BD39-A0B6E74296A6}.Release|x86.ActiveCfg = Release|Win32
		{53B8A82F-5426-428D-BD39-A0B6E74296A6}.Release|x86.Build.0 = Release|Win32
		{20255DD6-9CB5-4C7E-8451-7877ED7CD5F1}.Debug|x64.ActiveCfg = Debug|x64
		{20255DD6-9CB5-4C7E-8451-7877ED7CD5F1}.Debug|x64.Build.0 = Debug|x64
		{20255DD6-9CB5-4C7E-8451-7877ED7CD5F1}.Debug|x86.ActiveCfg = Debug|Win32
		{20255DD6-9CB5-4C7E-8451-7877ED7CD5F1}.Debug|x86.Build.0 = Debug|Win32
		{20255DD6-9CB5-4C7E-8451-7877ED7CD5F1}.Release|x64.ActiveCfg = Release|x64
		{20255DD6-9CB5-4C7E-8451-7877ED7CD5F1}.Release|x64.Build.0 = Release|x64
		{20255DD6-9CB5-4C7E-8451-7877ED7CD5F1}.Release|x86.ActiveCfg = Release|Win32
		{20255DD6-9CB5-4C7E-8451-7877ED7CD5F1}.Release|x86.Build.0 = Release|Win32
		{E1D1FECB-9826-41FD-85C8-4222298238BA}.Debug|x64.ActiveCfg = Debug|x64
		{E1D1FECB-9826-41FD-85C8-4222298238BA}.Debug|x64.Build.0 = Debug|x64
		{E1D1FECB-9826-41FD-85C8-4222298238BA}.Debug|x86.ActiveCfg = Debug|Win32
		{E1D1FECB-9826-41FD-85C8-4222298238BA}.Debug|x86.Build.0 = Debug|Win32
		{E1D1FECB-9826-41FD-85C8-4222298238BA}.Release|x64.ActiveCfg = Release|x64
		{E1D1FECB-9826-41FD-85C8-4222298238BA}.Release|x64.Build.0 = Release|x64
		{E1D1FECB-9826-41FD-85C8-4222298238BA}.Release|x86.ActiveCfg = Release|Win32
		{E1D1FECB-9826-41FD-85C8-4222298238BA}.Release|x86.Build.0 = Release|Win32
		{553CD3FE-A09A-4A91-83E3-77AA16F113DB}.Debug|x64.ActiveCfg = Debug|x64
		{553CD3FE-A09A-4A91-83E3-77AA16F113DB}.Debug|x64.Build.0 = Debug|x64
		{553CD3FE-A09A-4A91-83E3-77AA16F113DB}.Debug|x86.ActiveCfg = Debug|Win32
		{553CD3FE-A09A-4A91-83E3-77AA16F113DB}.Debug|x86.Build.0 = Debug|Win32
		{553CD3FE-A09A-4A91-83E3-77AA16F113DB}.Release|x64.ActiveCfg = Release|x64
		{553CD3FE-A09A-4A91-83E3-77AA16F113DB}.Release|x64.Build.0 = Release|x64
		{553CD3FE-A09A-4A91-83E3-77AA16F113DB}.Release|x86.ActiveCfg = Release|Win32
		{553CD3FE-A09A-4A91-83E3-77AA16F113DB}.Release|x86.Build.0 = Release|Win32
	EndGlobalSection
	GlobalSection(SolutionProperties) = preSolution
		HideSolutionNode = FALSE
	EndGlobalSection
EndGlobal
